
Microsoft Visual Studio Solution File, Format Version 12.00
# Visual Studio Version 17
VisualStudioVersion = 17.0.32112.339
MinimumVisualStudioVersion = 10.0.40219.1
Project("{FAE04EC0-301F-11D3-BF4B-00C04F79EFBC}") = "ResumeManager", "ResumeManager\ResumeManager.csproj", "{66344328-913E-401D-AD00-E16666C4CB2E}"
EndProject
Global
	GlobalSection(SolutionConfigurationPlatforms) = preSolution
		Debug|Any CPU = Debug|Any CPU
		Release|Any CPU = Release|Any CPU
	EndGlobalSection
	GlobalSection(ProjectConfigurationPlatforms) = postSolution
		{66344328-913E-401D-AD00-E16666C4CB2E}.Debug|Any CPU.ActiveCfg = Debug|Any CPU
		{66344328-913E-401D-AD00-E16666C4CB2E}.Debug|Any CPU.Build.0 = Debug|Any CPU
		{66344328-913E-401D-AD00-E16666C4CB2E}.Release|Any CPU.ActiveCfg = Release|Any CPU
		{66344328-913E-401D-AD00-E16666C4CB2E}.Release|Any CPU.Build.0 = Release|Any CPU
	EndGlobalSection
	GlobalSection(SolutionProperties) = preSolution
		HideSolutionNode = FALSE
	EndGlobalSection
	GlobalSection(ExtensibilityGlobals) = postSolution
		SolutionGuid = {62ED2E7A-C2E5-4EA3-B79A-451ABCC75C19}
	EndGlobalSection
EndGlobal
